
Microsoft Visual Studio Solution File, Format Version 12.00
# Visual Studio Version 16
VisualStudioVersion = 16.0.32126.315
MinimumVisualStudioVersion = 10.0.40219.1
Project("{8BC9CEB8-8B4A-11D0-8D11-00A0C91BC942}") = "2D Sum of Columns", "2D Sum of Columns\2D Sum of Columns.vcxproj", "{7DDDA4DC-71A4-4F0B-878D-3E7C265F90D6}"
EndProject
Global
	GlobalSection(SolutionConfigurationPlatforms) = preSolution
		Debug|x64 = Debug|x64
		Debug|x86 = Debug|x86
		Release|x64 = Release|x64
		Release|x86 = Release|x86
	EndGlobalSection
	GlobalSection(ProjectConfigurationPlatforms) = postSolution
		{7DDDA4DC-71A4-4F0B-878D-3E7C265F90D6}.Debug|x64.ActiveCfg = Debug|x64
		{7DDDA4DC-71A4-4F0B-878D-3E7C265F90D6}.Debug|x64.Build.0 = Debug|x64
		{7DDDA4DC-71A4-4F0B-878D-3E7C265F90D6}.Debug|x86.ActiveCfg = Debug|Win32
		{7DDDA4DC-71A4-4F0B-878D-3E7C265F90D6}.Debug|x86.Build.0 = Debug|Win32
		{7DDDA4DC-71A4-4F0B-878D-3E7C265F90D6}.Release|x64.ActiveCfg = Release|x64
		{7DDDA4DC-71A4-4F0B-878D-3E7C265F90D6}.Release|x64.Build.0 = Release|x64
		{7DDDA4DC-71A4-4F0B-878D-3E7C265F90D6}.Release|x86.ActiveCfg = Release|Win32
		{7DDDA4DC-71A4-4F0B-878D-3E7C265F90D6}.Release|x86.Build.0 = Release|Win32
	EndGlobalSection
	GlobalSection(SolutionProperties) = preSolution
		HideSolutionNode = FALSE
	EndGlobalSection
	GlobalSection(ExtensibilityGlobals) = postSolution
		SolutionGuid = {917D577B-65A8-48D9-81D8-D4AE1E9740A5}
	EndGlobalSection
EndGlobal
